
Microsoft Visual Studio Solution File, Format Version 12.00
# Visual Studio Version 17
VisualStudioVersion = 17.11.35327.3
MinimumVisualStudioVersion = 10.0.40219.1
Project("{F2A71F9B-5D33-465A-A702-920D77279786}") = "Console", "Console\Console.fsproj", "{CF832712-1CA4-4F61-A79D-9D8BE8D8674A}"
EndProject
Project("{F2A71F9B-5D33-465A-A702-920D77279786}") = "LibA", "LibA\LibA.fsproj", "{6C2C9D3E-99FA-482B-9006-DE023A687A06}"
EndProject
Project("{2150E333-8FDC-42A3-9474-1A3956D46DE8}") = "Solution Items", "Solution Items", "{23658158-715B-4896-A810-B496DEE724F0}"
	ProjectSection(SolutionItems) = preProject
		global.json = global.json
	EndProjectSection
EndProject
Global
	GlobalSection(SolutionConfigurationPlatforms) = preSolution
		Debug|Any CPU = Debug|Any CPU
		Release|Any CPU = Release|Any CPU
	EndGlobalSection
	GlobalSection(ProjectConfigurationPlatforms) = postSolution
		{CF832712-1CA4-4F61-A79D-9D8BE8D8674A}.Debug|Any CPU.ActiveCfg = Debug|Any CPU
		{CF832712-1CA4-4F61-A79D-9D8BE8D8674A}.Debug|Any CPU.Build.0 = Debug|Any CPU
		{CF832712-1CA4-4F61-A79D-9D8BE8D8674A}.Release|Any CPU.ActiveCfg = Release|Any CPU
		{CF832712-1CA4-4F61-A79D-9D8BE8D8674A}.Release|Any CPU.Build.0 = Release|Any CPU
		{6C2C9D3E-99FA-482B-9006-DE023A687A06}.Debug|Any CPU.ActiveCfg = Debug|Any CPU
		{6C2C9D3E-99FA-482B-9006-DE023A687A06}.Debug|Any CPU.Build.0 = Debug|Any CPU
		{6C2C9D3E-99FA-482B-9006-DE023A687A06}.Release|Any CPU.ActiveCfg = Release|Any CPU
		{6C2C9D3E-99FA-482B-9006-DE023A687A06}.Release|Any CPU.Build.0 = Release|Any CPU
	EndGlobalSection
	GlobalSection(SolutionProperties) = preSolution
		HideSolutionNode = FALSE
	EndGlobalSection
	GlobalSection(ExtensibilityGlobals) = postSolution
		SolutionGuid = {88BE638F-BEB4-451F-8A40-114044850E69}
	EndGlobalSection
EndGlobal
